
Microsoft Visual Studio Solution File, Format Version 12.00
# Visual Studio Version 16
VisualStudioVersion = 16.0.30717.126
MinimumVisualStudioVersion = 10.0.40219.1
Project("{FAE04EC0-301F-11D3-BF4B-00C04F79EFBC}") = "FizzBuzz", "FizzBuzz\FizzBuzz.csproj", "{1752D100-2C77-42CC-B678-65E99D6E9FB9}"
EndProject
Project("{FAE04EC0-301F-11D3-BF4B-00C04F79EFBC}") = "NUnitTestProject1", "NUnitTestProject1\NUnitTestProject1.csproj", "{7FF8A6C3-8BBC-42E8-A8BA-0F86F78BAC32}"
EndProject
Global
	GlobalSection(SolutionConfigurationPlatforms) = preSolution
		Debug|Any CPU = Debug|Any CPU
		Release|Any CPU = Release|Any CPU
	EndGlobalSection
	GlobalSection(ProjectConfigurationPlatforms) = postSolution
		{1752D100-2C77-42CC-B678-65E99D6E9FB9}.Debug|Any CPU.ActiveCfg = Debug|Any CPU
		{1752D100-2C77-42CC-B678-65E99D6E9FB9}.Debug|Any CPU.Build.0 = Debug|Any CPU
		{1752D100-2C77-42CC-B678-65E99D6E9FB9}.Release|Any CPU.ActiveCfg = Release|Any CPU
		{1752D100-2C77-42CC-B678-65E99D6E9FB9}.Release|Any CPU.Build.0 = Release|Any CPU
		{7FF8A6C3-8BBC-42E8-A8BA-0F86F78BAC32}.Debug|Any CPU.ActiveCfg = Debug|Any CPU
		{7FF8A6C3-8BBC-42E8-A8BA-0F86F78BAC32}.Debug|Any CPU.Build.0 = Debug|Any CPU
		{7FF8A6C3-8BBC-42E8-A8BA-0F86F78BAC32}.Release|Any CPU.ActiveCfg = Release|Any CPU
		{7FF8A6C3-8BBC-42E8-A8BA-0F86F78BAC32}.Release|Any CPU.Build.0 = Release|Any CPU
	EndGlobalSection
	GlobalSection(SolutionProperties) = preSolution
		HideSolutionNode = FALSE
	EndGlobalSection
	GlobalSection(ExtensibilityGlobals) = postSolution
		SolutionGuid = {DFE02F38-4904-495C-9866-23171EEF7A4B}
	EndGlobalSection
EndGlobal
